
Microsoft Visual Studio Solution File, Format Version 12.00
# Visual Studio Version 17
VisualStudioVersion = 17.0.31903.59
MinimumVisualStudioVersion = 10.0.40219.1
Project("{9A19103F-16F7-4668-BE54-9A1E7A4F7556}") = "Shell", "Shell\Shell.csproj", "{D238A9EF-77D6-48CB-A959-4B4C1F21E6AB}"
EndProject
Project("{9A19103F-16F7-4668-BE54-9A1E7A4F7556}") = "Parser", "Parser\Parser.csproj", "{944067C3-D6DB-4D00-827F-9B94D096AE38}"
EndProject
Project("{9A19103F-16F7-4668-BE54-9A1E7A4F7556}") = "PSILib", "PSILib\PSILib.csproj", "{C029C001-4A87-4D73-AFA5-6ADC5EE2BB54}"
EndProject
Project("{9A19103F-16F7-4668-BE54-9A1E7A4F7556}") = "PSITest", "PSITest\PSITest.csproj", "{0F7284DC-C51B-401F-A8C8-9EFA5702DA7E}"
EndProject
Project("{2150E333-8FDC-42A3-9474-1A3956D46DE8}") = "Solution Items", "Solution Items", "{4A7F22BB-AAB0-4F93-B368-600B08D2A7A8}"
EndProject
Project("{9A19103F-16F7-4668-BE54-9A1E7A4F7556}") = "CoverLib", "CoverLib\CoverLib.csproj", "{77CB364C-A0A5-48AE-B12E-D7579B634CCC}"
EndProject
Project("{9A19103F-16F7-4668-BE54-9A1E7A4F7556}") = "PSICover", "PSICover\PSICover.csproj", "{5929F939-68D8-404D-92C4-A994491A8A4F}"
EndProject
Global
	GlobalSection(SolutionConfigurationPlatforms) = preSolution
		Debug|Any CPU = Debug|Any CPU
		Release|Any CPU = Release|Any CPU
	EndGlobalSection
	GlobalSection(ProjectConfigurationPlatforms) = postSolution
		{D238A9EF-77D6-48CB-A959-4B4C1F21E6AB}.Debug|Any CPU.ActiveCfg = Debug|Any CPU
		{D238A9EF-77D6-48CB-A959-4B4C1F21E6AB}.Debug|Any CPU.Build.0 = Debug|Any CPU
		{D238A9EF-77D6-48CB-A959-4B4C1F21E6AB}.Release|Any CPU.ActiveCfg = Release|Any CPU
		{D238A9EF-77D6-48CB-A959-4B4C1F21E6AB}.Release|Any CPU.Build.0 = Release|Any CPU
		{944067C3-D6DB-4D00-827F-9B94D096AE38}.Debug|Any CPU.ActiveCfg = Debug|Any CPU
		{944067C3-D6DB-4D00-827F-9B94D096AE38}.Debug|Any CPU.Build.0 = Debug|Any CPU
		{944067C3-D6DB-4D00-827F-9B94D096AE38}.Release|Any CPU.ActiveCfg = Release|Any CPU
		{944067C3-D6DB-4D00-827F-9B94D096AE38}.Release|Any CPU.Build.0 = Release|Any CPU
		{C029C001-4A87-4D73-AFA5-6ADC5EE2BB54}.Debug|Any CPU.ActiveCfg = Debug|Any CPU
		{C029C001-4A87-4D73-AFA5-6ADC5EE2BB54}.Debug|Any CPU.Build.0 = Debug|Any CPU
		{C029C001-4A87-4D73-AFA5-6ADC5EE2BB54}.Release|Any CPU.ActiveCfg = Release|Any CPU
		{C029C001-4A87-4D73-AFA5-6ADC5EE2BB54}.Release|Any CPU.Build.0 = Release|Any CPU
		{0F7284DC-C51B-401F-A8C8-9EFA5702DA7E}.Debug|Any CPU.ActiveCfg = Debug|Any CPU
		{0F7284DC-C51B-401F-A8C8-9EFA5702DA7E}.Debug|Any CPU.Build.0 = Debug|Any CPU
		{0F7284DC-C51B-401F-A8C8-9EFA5702DA7E}.Release|Any CPU.ActiveCfg = Release|Any CPU
		{0F7284DC-C51B-401F-A8C8-9EFA5702DA7E}.Release|Any CPU.Build.0 = Release|Any CPU
		{77CB364C-A0A5-48AE-B12E-D7579B634CCC}.Debug|Any CPU.ActiveCfg = Debug|Any CPU
		{77CB364C-A0A5-48AE-B12E-D7579B634CCC}.Debug|Any CPU.Build.0 = Debug|Any CPU
		{77CB364C-A0A5-48AE-B12E-D7579B634CCC}.Release|Any CPU.ActiveCfg = Release|Any CPU
		{77CB364C-A0A5-48AE-B12E-D7579B634CCC}.Release|Any CPU.Build.0 = Release|Any CPU
		{5929F939-68D8-404D-92C4-A994491A8A4F}.Debug|Any CPU.ActiveCfg = Debug|Any CPU
		{5929F939-68D8-404D-92C4-A994491A8A4F}.Debug|Any CPU.Build.0 = Debug|Any CPU
		{5929F939-68D8-404D-92C4-A994491A8A4F}.Release|Any CPU.ActiveCfg = Release|Any CPU
		{5929F939-68D8-404D-92C4-A994491A8A4F}.Release|Any CPU.Build.0 = Release|Any CPU
	EndGlobalSection
	GlobalSection(SolutionProperties) = preSolution
		HideSolutionNode = FALSE
	EndGlobalSection
	GlobalSection(ExtensibilityGlobals) = postSolution
		SolutionGuid = {779D3BF3-EECF-4404-90B8-9994BAB877E4}
	EndGlobalSection
EndGlobal
